
Microsoft Visual Studio Solution File, Format Version 12.00
# Visual Studio Version 17
VisualStudioVersion = 17.8.34525.116
MinimumVisualStudioVersion = 10.0.40219.1
Project("{FAE04EC0-301F-11D3-BF4B-00C04F79EFBC}") = "proJect", "proJect\proJect.csproj", "{45988A07-8258-4DD6-B968-2E589418B99F}"
EndProject
Global
	GlobalSection(SolutionConfigurationPlatforms) = preSolution
		Debug|Any CPU = Debug|Any CPU
		Release|Any CPU = Release|Any CPU
	EndGlobalSection
	GlobalSection(ProjectConfigurationPlatforms) = postSolution
		{45988A07-8258-4DD6-B968-2E589418B99F}.Debug|Any CPU.ActiveCfg = Debug|Any CPU
		{45988A07-8258-4DD6-B968-2E589418B99F}.Debug|Any CPU.Build.0 = Debug|Any CPU
		{45988A07-8258-4DD6-B968-2E589418B99F}.Release|Any CPU.ActiveCfg = Release|Any CPU
		{45988A07-8258-4DD6-B968-2E589418B99F}.Release|Any CPU.Build.0 = Release|Any CPU
	EndGlobalSection
	GlobalSection(SolutionProperties) = preSolution
		HideSolutionNode = FALSE
	EndGlobalSection
	GlobalSection(ExtensibilityGlobals) = postSolution
		SolutionGuid = {027A1B68-7102-4A07-9FB9-9E83D1730063}
	EndGlobalSection
EndGlobal
